
Microsoft Visual Studio Solution File, Format Version 12.00
# Visual Studio Version 17
VisualStudioVersion = 17.5.33627.172
MinimumVisualStudioVersion = 10.0.40219.1
Project("{FAE04EC0-301F-11D3-BF4B-00C04F79EFBC}") = "TripMeOn", "TripMeOn.csproj", "{7F9EC084-587B-41F7-9403-DFDA0DA50CF9}"
EndProject
Project("{FAE04EC0-301F-11D3-BF4B-00C04F79EFBC}") = "xUnitTest_TripMeOn", "..\xUnitTest_TripMeOn\xUnitTest_TripMeOn.csproj", "{D372230A-8A66-4C7A-8784-88BC76FC519E}"
EndProject
Global
	GlobalSection(SolutionConfigurationPlatforms) = preSolution
		Debug|Any CPU = Debug|Any CPU
		Release|Any CPU = Release|Any CPU
	EndGlobalSection
	GlobalSection(ProjectConfigurationPlatforms) = postSolution
		{7F9EC084-587B-41F7-9403-DFDA0DA50CF9}.Debug|Any CPU.ActiveCfg = Debug|Any CPU
		{7F9EC084-587B-41F7-9403-DFDA0DA50CF9}.Debug|Any CPU.Build.0 = Debug|Any CPU
		{7F9EC084-587B-41F7-9403-DFDA0DA50CF9}.Release|Any CPU.ActiveCfg = Release|Any CPU
		{7F9EC084-587B-41F7-9403-DFDA0DA50CF9}.Release|Any CPU.Build.0 = Release|Any CPU
		{D372230A-8A66-4C7A-8784-88BC76FC519E}.Debug|Any CPU.ActiveCfg = Debug|Any CPU
		{D372230A-8A66-4C7A-8784-88BC76FC519E}.Debug|Any CPU.Build.0 = Debug|Any CPU
		{D372230A-8A66-4C7A-8784-88BC76FC519E}.Release|Any CPU.ActiveCfg = Release|Any CPU
		{D372230A-8A66-4C7A-8784-88BC76FC519E}.Release|Any CPU.Build.0 = Release|Any CPU
	EndGlobalSection
	GlobalSection(SolutionProperties) = preSolution
		HideSolutionNode = FALSE
	EndGlobalSection
	GlobalSection(ExtensibilityGlobals) = postSolution
		SolutionGuid = {1E3ADD26-055B-4237-9209-41B8D43A641B}
	EndGlobalSection
EndGlobal
